
Microsoft Visual Studio Solution File, Format Version 12.00
# Visual Studio Version 16
VisualStudioVersion = 16.0.31702.278
MinimumVisualStudioVersion = 10.0.40219.1
Project("{FAE04EC0-301F-11D3-BF4B-00C04F79EFBC}") = "SuperMarket", "SuperMarket\SuperMarket.csproj", "{C2F2F198-B2F6-472B-A964-64C5D1B5D967}"
EndProject
Global
	GlobalSection(SolutionConfigurationPlatforms) = preSolution
		Debug|Any CPU = Debug|Any CPU
		Release|Any CPU = Release|Any CPU
	EndGlobalSection
	GlobalSection(ProjectConfigurationPlatforms) = postSolution
		{C2F2F198-B2F6-472B-A964-64C5D1B5D967}.Debug|Any CPU.ActiveCfg = Debug|Any CPU
		{C2F2F198-B2F6-472B-A964-64C5D1B5D967}.Debug|Any CPU.Build.0 = Debug|Any CPU
		{C2F2F198-B2F6-472B-A964-64C5D1B5D967}.Release|Any CPU.ActiveCfg = Release|Any CPU
		{C2F2F198-B2F6-472B-A964-64C5D1B5D967}.Release|Any CPU.Build.0 = Release|Any CPU
	EndGlobalSection
	GlobalSection(SolutionProperties) = preSolution
		HideSolutionNode = FALSE
	EndGlobalSection
	GlobalSection(ExtensibilityGlobals) = postSolution
		SolutionGuid = {53A91E70-32BA-43D4-BAE1-2BFD94C82F60}
	EndGlobalSection
EndGlobal
